
Microsoft Visual Studio Solution File, Format Version 12.00
# Visual Studio Version 17
VisualStudioVersion = 17.3.32922.545
MinimumVisualStudioVersion = 10.0.40219.1
Project("{9A19103F-16F7-4668-BE54-9A1E7A4F7556}") = "homework", "homework\homework.csproj", "{212E9F2C-DDD7-48A5-B6C4-EBF736640FC1}"
EndProject
Project("{9A19103F-16F7-4668-BE54-9A1E7A4F7556}") = "c_sharp_basics_3", "c_sharp_basics_3\c_sharp_basics_3.csproj", "{A0A6A04C-5DC1-4155-BF14-F7A75B8750EF}"
EndProject
Project("{9A19103F-16F7-4668-BE54-9A1E7A4F7556}") = "CSharpOOP", "CSharpOOP\CSharpOOP.csproj", "{B47EA72A-DECD-4181-B16D-14544A9CB6A7}"
EndProject
Project("{9A19103F-16F7-4668-BE54-9A1E7A4F7556}") = "CSharpOOP2", "CSharpOOP2\CSharpOOP2.csproj", "{834A000B-5FF9-46A6-A026-6DF24CB06615}"
EndProject
Project("{FAE04EC0-301F-11D3-BF4B-00C04F79EFBC}") = "CSharpOOP3", "CSharpOOP3\CSharpOOP3.csproj", "{C16BA1E9-BC88-49DF-A218-D79B25DFC3C3}"
EndProject
Global
	GlobalSection(SolutionConfigurationPlatforms) = preSolution
		Debug|Any CPU = Debug|Any CPU
		Release|Any CPU = Release|Any CPU
	EndGlobalSection
	GlobalSection(ProjectConfigurationPlatforms) = postSolution
		{212E9F2C-DDD7-48A5-B6C4-EBF736640FC1}.Debug|Any CPU.ActiveCfg = Debug|Any CPU
		{212E9F2C-DDD7-48A5-B6C4-EBF736640FC1}.Debug|Any CPU.Build.0 = Debug|Any CPU
		{212E9F2C-DDD7-48A5-B6C4-EBF736640FC1}.Release|Any CPU.ActiveCfg = Release|Any CPU
		{212E9F2C-DDD7-48A5-B6C4-EBF736640FC1}.Release|Any CPU.Build.0 = Release|Any CPU
		{A0A6A04C-5DC1-4155-BF14-F7A75B8750EF}.Debug|Any CPU.ActiveCfg = Debug|Any CPU
		{A0A6A04C-5DC1-4155-BF14-F7A75B8750EF}.Debug|Any CPU.Build.0 = Debug|Any CPU
		{A0A6A04C-5DC1-4155-BF14-F7A75B8750EF}.Release|Any CPU.ActiveCfg = Release|Any CPU
		{A0A6A04C-5DC1-4155-BF14-F7A75B8750EF}.Release|Any CPU.Build.0 = Release|Any CPU
		{B47EA72A-DECD-4181-B16D-14544A9CB6A7}.Debug|Any CPU.ActiveCfg = Debug|Any CPU
		{B47EA72A-DECD-4181-B16D-14544A9CB6A7}.Debug|Any CPU.Build.0 = Debug|Any CPU
		{B47EA72A-DECD-4181-B16D-14544A9CB6A7}.Release|Any CPU.ActiveCfg = Release|Any CPU
		{B47EA72A-DECD-4181-B16D-14544A9CB6A7}.Release|Any CPU.Build.0 = Release|Any CPU
		{834A000B-5FF9-46A6-A026-6DF24CB06615}.Debug|Any CPU.ActiveCfg = Debug|Any CPU
		{834A000B-5FF9-46A6-A026-6DF24CB06615}.Debug|Any CPU.Build.0 = Debug|Any CPU
		{834A000B-5FF9-46A6-A026-6DF24CB06615}.Release|Any CPU.ActiveCfg = Release|Any CPU
		{834A000B-5FF9-46A6-A026-6DF24CB06615}.Release|Any CPU.Build.0 = Release|Any CPU
		{C16BA1E9-BC88-49DF-A218-D79B25DFC3C3}.Debug|Any CPU.ActiveCfg = Debug|Any CPU
		{C16BA1E9-BC88-49DF-A218-D79B25DFC3C3}.Debug|Any CPU.Build.0 = Debug|Any CPU
		{C16BA1E9-BC88-49DF-A218-D79B25DFC3C3}.Release|Any CPU.ActiveCfg = Release|Any CPU
		{C16BA1E9-BC88-49DF-A218-D79B25DFC3C3}.Release|Any CPU.Build.0 = Release|Any CPU
	EndGlobalSection
	GlobalSection(SolutionProperties) = preSolution
		HideSolutionNode = FALSE
	EndGlobalSection
	GlobalSection(ExtensibilityGlobals) = postSolution
		SolutionGuid = {4F3C1665-B9EC-4BD0-A43F-1DE7A14389ED}
	EndGlobalSection
EndGlobal
